
Microsoft Visual Studio Solution File, Format Version 12.00
# Visual Studio Version 17
VisualStudioVersion = 17.8.34511.84
MinimumVisualStudioVersion = 10.0.40219.1
Project("{FAE04EC0-301F-11D3-BF4B-00C04F79EFBC}") = "test2", "test2.csproj", "{287CFD09-38C7-44A8-AD4B-06C403B41063}"
EndProject
Global
	GlobalSection(SolutionConfigurationPlatforms) = preSolution
		Debug|Any CPU = Debug|Any CPU
		Release|Any CPU = Release|Any CPU
	EndGlobalSection
	GlobalSection(ProjectConfigurationPlatforms) = postSolution
		{287CFD09-38C7-44A8-AD4B-06C403B41063}.Debug|Any CPU.ActiveCfg = Debug|Any CPU
		{287CFD09-38C7-44A8-AD4B-06C403B41063}.Debug|Any CPU.Build.0 = Debug|Any CPU
		{287CFD09-38C7-44A8-AD4B-06C403B41063}.Release|Any CPU.ActiveCfg = Release|Any CPU
		{287CFD09-38C7-44A8-AD4B-06C403B41063}.Release|Any CPU.Build.0 = Release|Any CPU
	EndGlobalSection
	GlobalSection(SolutionProperties) = preSolution
		HideSolutionNode = FALSE
	EndGlobalSection
	GlobalSection(ExtensibilityGlobals) = postSolution
		SolutionGuid = {FFFA45A3-2F02-46DB-B2B7-5881DE02D822}
	EndGlobalSection
EndGlobal
